
Microsoft Visual Studio Solution File, Format Version 12.00
# Visual Studio Version 17
VisualStudioVersion = 17.4.33122.133
MinimumVisualStudioVersion = 10.0.40219.1
Project("{FAE04EC0-301F-11D3-BF4B-00C04F79EFBC}") = "PruebaTecnicaABPOSSolutions2024", "PruebaTecnicaABPOSSolutions2024\PruebaTecnicaABPOSSolutions2024.csproj", "{B97FD290-12AD-4DC4-9410-3F22B5A463FE}"
EndProject
Global
	GlobalSection(SolutionConfigurationPlatforms) = preSolution
		Debug|Any CPU = Debug|Any CPU
		Release|Any CPU = Release|Any CPU
	EndGlobalSection
	GlobalSection(ProjectConfigurationPlatforms) = postSolution
		{B97FD290-12AD-4DC4-9410-3F22B5A463FE}.Debug|Any CPU.ActiveCfg = Debug|Any CPU
		{B97FD290-12AD-4DC4-9410-3F22B5A463FE}.Debug|Any CPU.Build.0 = Debug|Any CPU
		{B97FD290-12AD-4DC4-9410-3F22B5A463FE}.Release|Any CPU.ActiveCfg = Release|Any CPU
		{B97FD290-12AD-4DC4-9410-3F22B5A463FE}.Release|Any CPU.Build.0 = Release|Any CPU
	EndGlobalSection
	GlobalSection(SolutionProperties) = preSolution
		HideSolutionNode = FALSE
	EndGlobalSection
	GlobalSection(ExtensibilityGlobals) = postSolution
		SolutionGuid = {4D6D1D6D-DD37-43E5-A86E-A9EA9F4CCDB4}
	EndGlobalSection
EndGlobal
